
Microsoft Visual Studio Solution File, Format Version 12.00
# Visual Studio Version 16
VisualStudioVersion = 16.0.29403.142
MinimumVisualStudioVersion = 10.0.40219.1
Project("{FAE04EC0-301F-11D3-BF4B-00C04F79EFBC}") = "SpeechSynthes", "SpeechSynthes.csproj", "{84E9CF82-7B38-4DBA-B092-EEE413CE8BC7}"
EndProject
Project("{FAE04EC0-301F-11D3-BF4B-00C04F79EFBC}") = "VoiceControl", "C:\Users\kiris\Desktop\VoiceControl\VoiceControl\VoiceControl.csproj", "{7E34266C-2A53-47F2-B5F7-82B45CE701FA}"
EndProject
Global
	GlobalSection(SolutionConfigurationPlatforms) = preSolution
		Debug|Any CPU = Debug|Any CPU
		Release|Any CPU = Release|Any CPU
	EndGlobalSection
	GlobalSection(ProjectConfigurationPlatforms) = postSolution
		{84E9CF82-7B38-4DBA-B092-EEE413CE8BC7}.Debug|Any CPU.ActiveCfg = Debug|Any CPU
		{84E9CF82-7B38-4DBA-B092-EEE413CE8BC7}.Debug|Any CPU.Build.0 = Debug|Any CPU
		{84E9CF82-7B38-4DBA-B092-EEE413CE8BC7}.Release|Any CPU.ActiveCfg = Release|Any CPU
		{84E9CF82-7B38-4DBA-B092-EEE413CE8BC7}.Release|Any CPU.Build.0 = Release|Any CPU
		{7E34266C-2A53-47F2-B5F7-82B45CE701FA}.Debug|Any CPU.ActiveCfg = Debug|Any CPU
		{7E34266C-2A53-47F2-B5F7-82B45CE701FA}.Debug|Any CPU.Build.0 = Debug|Any CPU
		{7E34266C-2A53-47F2-B5F7-82B45CE701FA}.Release|Any CPU.ActiveCfg = Release|Any CPU
		{7E34266C-2A53-47F2-B5F7-82B45CE701FA}.Release|Any CPU.Build.0 = Release|Any CPU
	EndGlobalSection
	GlobalSection(SolutionProperties) = preSolution
		HideSolutionNode = FALSE
	EndGlobalSection
	GlobalSection(ExtensibilityGlobals) = postSolution
		SolutionGuid = {74BDE306-067B-4E44-B296-E6294585FED2}
	EndGlobalSection
EndGlobal
