
Microsoft Visual Studio Solution File, Format Version 12.00
# Visual Studio Version 16
VisualStudioVersion = 16.0.29403.142
MinimumVisualStudioVersion = 10.0.40219.1
Project("{FAE04EC0-301F-11D3-BF4B-00C04F79EFBC}") = "FaceFind", "FaceFind.csproj", "{9F97E50E-6E93-46DF-B547-4BAEE7797DF7}"
EndProject
Global
	GlobalSection(SolutionConfigurationPlatforms) = preSolution
		Debug|Any CPU = Debug|Any CPU
		Release|Any CPU = Release|Any CPU
	EndGlobalSection
	GlobalSection(ProjectConfigurationPlatforms) = postSolution
		{9F97E50E-6E93-46DF-B547-4BAEE7797DF7}.Debug|Any CPU.ActiveCfg = Debug|Any CPU
		{9F97E50E-6E93-46DF-B547-4BAEE7797DF7}.Debug|Any CPU.Build.0 = Debug|Any CPU
		{9F97E50E-6E93-46DF-B547-4BAEE7797DF7}.Release|Any CPU.ActiveCfg = Release|Any CPU
		{9F97E50E-6E93-46DF-B547-4BAEE7797DF7}.Release|Any CPU.Build.0 = Release|Any CPU
	EndGlobalSection
	GlobalSection(SolutionProperties) = preSolution
		HideSolutionNode = FALSE
	EndGlobalSection
	GlobalSection(ExtensibilityGlobals) = postSolution
		SolutionGuid = {18CD495D-D7AB-4664-B46D-51DA09E6B309}
	EndGlobalSection
EndGlobal
