
Microsoft Visual Studio Solution File, Format Version 12.00
# Visual Studio Version 16
VisualStudioVersion = 16.0.29209.62
MinimumVisualStudioVersion = 10.0.40219.1
Project("{FAE04EC0-301F-11D3-BF4B-00C04F79EFBC}") = "TestCS", "TestCS.csproj", "{111BD695-4D17-4E1F-A323-0A97D1F3879C}"
EndProject
Global
	GlobalSection(SolutionConfigurationPlatforms) = preSolution
		Debug|Any CPU = Debug|Any CPU
		Release|Any CPU = Release|Any CPU
	EndGlobalSection
	GlobalSection(ProjectConfigurationPlatforms) = postSolution
		{111BD695-4D17-4E1F-A323-0A97D1F3879C}.Debug|Any CPU.ActiveCfg = Debug|Any CPU
		{111BD695-4D17-4E1F-A323-0A97D1F3879C}.Debug|Any CPU.Build.0 = Debug|Any CPU
		{111BD695-4D17-4E1F-A323-0A97D1F3879C}.Release|Any CPU.ActiveCfg = Release|Any CPU
		{111BD695-4D17-4E1F-A323-0A97D1F3879C}.Release|Any CPU.Build.0 = Release|Any CPU
	EndGlobalSection
	GlobalSection(SolutionProperties) = preSolution
		HideSolutionNode = FALSE
	EndGlobalSection
	GlobalSection(ExtensibilityGlobals) = postSolution
		SolutionGuid = {3E149B88-BE25-474F-9B25-66923484963A}
	EndGlobalSection
EndGlobal
