
Microsoft Visual Studio Solution File, Format Version 12.00
# Visual Studio Version 16
VisualStudioVersion = 16.0.29418.71
MinimumVisualStudioVersion = 10.0.40219.1
Project("{FAE04EC0-301F-11D3-BF4B-00C04F79EFBC}") = "WPF_APP", "WPF_APP.csproj", "{5501FB4A-78F9-404C-8962-97A65A794275}"
EndProject
Global
	GlobalSection(SolutionConfigurationPlatforms) = preSolution
		Debug|Any CPU = Debug|Any CPU
		Release|Any CPU = Release|Any CPU
	EndGlobalSection
	GlobalSection(ProjectConfigurationPlatforms) = postSolution
		{5501FB4A-78F9-404C-8962-97A65A794275}.Debug|Any CPU.ActiveCfg = Debug|Any CPU
		{5501FB4A-78F9-404C-8962-97A65A794275}.Debug|Any CPU.Build.0 = Debug|Any CPU
		{5501FB4A-78F9-404C-8962-97A65A794275}.Release|Any CPU.ActiveCfg = Release|Any CPU
		{5501FB4A-78F9-404C-8962-97A65A794275}.Release|Any CPU.Build.0 = Release|Any CPU
	EndGlobalSection
	GlobalSection(SolutionProperties) = preSolution
		HideSolutionNode = FALSE
	EndGlobalSection
	GlobalSection(ExtensibilityGlobals) = postSolution
		SolutionGuid = {5236BB38-F0A4-4BF8-BD98-7EF8D823E5C8}
	EndGlobalSection
EndGlobal
