
Microsoft Visual Studio Solution File, Format Version 12.00
# Visual Studio Version 16
VisualStudioVersion = 16.0.29403.142
MinimumVisualStudioVersion = 10.0.40219.1
Project("{FAE04EC0-301F-11D3-BF4B-00C04F79EFBC}") = "SQL_Connection", "SQL_Connection.csproj", "{1AC4CB0B-4A88-40F3-96E1-7AC8C0237C6E}"
EndProject
Global
	GlobalSection(SolutionConfigurationPlatforms) = preSolution
		Debug|Any CPU = Debug|Any CPU
		Release|Any CPU = Release|Any CPU
	EndGlobalSection
	GlobalSection(ProjectConfigurationPlatforms) = postSolution
		{1AC4CB0B-4A88-40F3-96E1-7AC8C0237C6E}.Debug|Any CPU.ActiveCfg = Debug|Any CPU
		{1AC4CB0B-4A88-40F3-96E1-7AC8C0237C6E}.Debug|Any CPU.Build.0 = Debug|Any CPU
		{1AC4CB0B-4A88-40F3-96E1-7AC8C0237C6E}.Release|Any CPU.ActiveCfg = Release|Any CPU
		{1AC4CB0B-4A88-40F3-96E1-7AC8C0237C6E}.Release|Any CPU.Build.0 = Release|Any CPU
	EndGlobalSection
	GlobalSection(SolutionProperties) = preSolution
		HideSolutionNode = FALSE
	EndGlobalSection
	GlobalSection(ExtensibilityGlobals) = postSolution
		SolutionGuid = {FF8EBB71-5860-46CE-9FEB-F4A0C7610181}
	EndGlobalSection
EndGlobal
