
Microsoft Visual Studio Solution File, Format Version 12.00
# Visual Studio Version 16
VisualStudioVersion = 16.0.28922.388
MinimumVisualStudioVersion = 10.0.40219.1
Project("{FAE04EC0-301F-11D3-BF4B-00C04F79EFBC}") = "krestiki_noliki", "krestiki_noliki.csproj", "{BD8E317A-DA43-42E3-B98B-593EC51720FB}"
EndProject
Global
	GlobalSection(SolutionConfigurationPlatforms) = preSolution
		Debug|Any CPU = Debug|Any CPU
		Release|Any CPU = Release|Any CPU
	EndGlobalSection
	GlobalSection(ProjectConfigurationPlatforms) = postSolution
		{BD8E317A-DA43-42E3-B98B-593EC51720FB}.Debug|Any CPU.ActiveCfg = Debug|Any CPU
		{BD8E317A-DA43-42E3-B98B-593EC51720FB}.Debug|Any CPU.Build.0 = Debug|Any CPU
		{BD8E317A-DA43-42E3-B98B-593EC51720FB}.Release|Any CPU.ActiveCfg = Release|Any CPU
		{BD8E317A-DA43-42E3-B98B-593EC51720FB}.Release|Any CPU.Build.0 = Release|Any CPU
	EndGlobalSection
	GlobalSection(SolutionProperties) = preSolution
		HideSolutionNode = FALSE
	EndGlobalSection
	GlobalSection(ExtensibilityGlobals) = postSolution
		SolutionGuid = {A0468F12-4D05-4516-AE50-7046C69AE945}
	EndGlobalSection
EndGlobal
