
Microsoft Visual Studio Solution File, Format Version 12.00
# Visual Studio Version 16
VisualStudioVersion = 16.0.29418.71
MinimumVisualStudioVersion = 10.0.40219.1
Project("{FAE04EC0-301F-11D3-BF4B-00C04F79EFBC}") = "BankingApp", "BankingApp.csproj", "{80CF20E3-0A61-400F-813C-C45EAB9C0342}"
EndProject
Global
	GlobalSection(SolutionConfigurationPlatforms) = preSolution
		Debug|Any CPU = Debug|Any CPU
		Release|Any CPU = Release|Any CPU
	EndGlobalSection
	GlobalSection(ProjectConfigurationPlatforms) = postSolution
		{80CF20E3-0A61-400F-813C-C45EAB9C0342}.Debug|Any CPU.ActiveCfg = Debug|Any CPU
		{80CF20E3-0A61-400F-813C-C45EAB9C0342}.Debug|Any CPU.Build.0 = Debug|Any CPU
		{80CF20E3-0A61-400F-813C-C45EAB9C0342}.Release|Any CPU.ActiveCfg = Release|Any CPU
		{80CF20E3-0A61-400F-813C-C45EAB9C0342}.Release|Any CPU.Build.0 = Release|Any CPU
	EndGlobalSection
	GlobalSection(SolutionProperties) = preSolution
		HideSolutionNode = FALSE
	EndGlobalSection
	GlobalSection(ExtensibilityGlobals) = postSolution
		SolutionGuid = {26CCF611-18EE-41AE-9E0F-05F6F9D7F244}
	EndGlobalSection
EndGlobal
