
Microsoft Visual Studio Solution File, Format Version 12.00
# Visual Studio Version 16
VisualStudioVersion = 16.0.29509.3
MinimumVisualStudioVersion = 10.0.40219.1
Project("{FAE04EC0-301F-11D3-BF4B-00C04F79EFBC}") = "TestReview", "TestReview.csproj", "{AF1DDDF3-629C-4644-86C7-F9341F356A13}"
EndProject
Global
	GlobalSection(SolutionConfigurationPlatforms) = preSolution
		Debug|Any CPU = Debug|Any CPU
		Release|Any CPU = Release|Any CPU
	EndGlobalSection
	GlobalSection(ProjectConfigurationPlatforms) = postSolution
		{AF1DDDF3-629C-4644-86C7-F9341F356A13}.Debug|Any CPU.ActiveCfg = Debug|Any CPU
		{AF1DDDF3-629C-4644-86C7-F9341F356A13}.Debug|Any CPU.Build.0 = Debug|Any CPU
		{AF1DDDF3-629C-4644-86C7-F9341F356A13}.Release|Any CPU.ActiveCfg = Release|Any CPU
		{AF1DDDF3-629C-4644-86C7-F9341F356A13}.Release|Any CPU.Build.0 = Release|Any CPU
	EndGlobalSection
	GlobalSection(SolutionProperties) = preSolution
		HideSolutionNode = FALSE
	EndGlobalSection
	GlobalSection(ExtensibilityGlobals) = postSolution
		SolutionGuid = {CB1B3DE4-14C8-4CCE-9921-89662B58842C}
	EndGlobalSection
EndGlobal
